
Microsoft Visual Studio Solution File, Format Version 12.00
# Visual Studio 15
VisualStudioVersion = 15.0.28307.102
MinimumVisualStudioVersion = 10.0.40219.1
Project("{FAE04EC0-301F-11D3-BF4B-00C04F79EFBC}") = "Ejercicios", "Ejercicios\Ejercicios.csproj", "{F5683C8F-3707-45B3-88DB-3F0263B18F1E}"
EndProject
Project("{FAE04EC0-301F-11D3-BF4B-00C04F79EFBC}") = "UnitTests", "..\UnitTests\UnitTests.csproj", "{DA5F67D8-E6CE-4A67-AF5B-840A1F4BDF24}"
EndProject
Global
	GlobalSection(SolutionConfigurationPlatforms) = preSolution
		Debug|Any CPU = Debug|Any CPU
		Release|Any CPU = Release|Any CPU
	EndGlobalSection
	GlobalSection(ProjectConfigurationPlatforms) = postSolution
		{F5683C8F-3707-45B3-88DB-3F0263B18F1E}.Debug|Any CPU.ActiveCfg = Debug|Any CPU
		{F5683C8F-3707-45B3-88DB-3F0263B18F1E}.Debug|Any CPU.Build.0 = Debug|Any CPU
		{F5683C8F-3707-45B3-88DB-3F0263B18F1E}.Release|Any CPU.ActiveCfg = Release|Any CPU
		{F5683C8F-3707-45B3-88DB-3F0263B18F1E}.Release|Any CPU.Build.0 = Release|Any CPU
		{DA5F67D8-E6CE-4A67-AF5B-840A1F4BDF24}.Debug|Any CPU.ActiveCfg = Debug|Any CPU
		{DA5F67D8-E6CE-4A67-AF5B-840A1F4BDF24}.Debug|Any CPU.Build.0 = Debug|Any CPU
		{DA5F67D8-E6CE-4A67-AF5B-840A1F4BDF24}.Release|Any CPU.ActiveCfg = Release|Any CPU
		{DA5F67D8-E6CE-4A67-AF5B-840A1F4BDF24}.Release|Any CPU.Build.0 = Release|Any CPU
	EndGlobalSection
	GlobalSection(SolutionProperties) = preSolution
		HideSolutionNode = FALSE
	EndGlobalSection
	GlobalSection(ExtensibilityGlobals) = postSolution
		SolutionGuid = {EFA7E546-3A32-4EC4-8B7E-A583D89B5B30}
	EndGlobalSection
EndGlobal
